
Microsoft Visual Studio Solution File, Format Version 12.00
# Visual Studio Version 17
VisualStudioVersion = 17.14.36804.6
MinimumVisualStudioVersion = 10.0.40219.1
Project("{FAE04EC0-301F-11D3-BF4B-00C04F79EFBC}") = "TvRepairWebsite", "TvRepairWebsite.csproj", "{4B6DD45F-194C-4D1E-801A-FDD425C15114}"
EndProject
Global
	GlobalSection(SolutionConfigurationPlatforms) = preSolution
		Debug|Any CPU = Debug|Any CPU
		Release|Any CPU = Release|Any CPU
	EndGlobalSection
	GlobalSection(ProjectConfigurationPlatforms) = postSolution
		{4B6DD45F-194C-4D1E-801A-FDD425C15114}.Debug|Any CPU.ActiveCfg = Debug|Any CPU
		{4B6DD45F-194C-4D1E-801A-FDD425C15114}.Debug|Any CPU.Build.0 = Debug|Any CPU
		{4B6DD45F-194C-4D1E-801A-FDD425C15114}.Release|Any CPU.ActiveCfg = Release|Any CPU
		{4B6DD45F-194C-4D1E-801A-FDD425C15114}.Release|Any CPU.Build.0 = Release|Any CPU
	EndGlobalSection
	GlobalSection(SolutionProperties) = preSolution
		HideSolutionNode = FALSE
	EndGlobalSection
	GlobalSection(ExtensibilityGlobals) = postSolution
		SolutionGuid = {FD6D7C78-E751-4BFA-A367-931573F6CCDF}
	EndGlobalSection
EndGlobal
